dependencies:
- name: rejson
  repository: file://charts/rejson
  version: 0.1.0
- name: elasticsearch
  repository: https://charts.bitnami.com/bitnami
  version: 19.2.2
- name: common
  repository: https://bjw-s.github.io/helm-charts/
  version: 1.0.1
digest: sha256:e4604412140717919b14acd8706e556fe574b34005bfd55a376b8071c7b175a3
generated: "2022-11-18T09:33:13.004491369-06:00"
